// !$*UTF8*$!
{
	archiveVersion = 1;
	classes = {
	};
	objectVersion = 56;
	objects = {

/* Begin PBXBuildFile section */
		B95ED2B22A8FE552002A6DE4 /* FacebookApp.swift in Sources */ = {isa = PBXBuildFile; fileRef = B95ED2B12A8FE552002A6DE4 /* FacebookApp.swift */; };
		B95ED2B42A8FE552002A6DE4 /* HomeView.swift in Sources */ = {isa = PBXBuildFile; fileRef = B95ED2B32A8FE552002A6DE4 /* HomeView.swift */; };
		B95ED2B82A8FE554002A6DE4 /* Assets.xcassets in Resources */ = {isa = PBXBuildFile; fileRef = B95ED2B72A8FE554002A6DE4 /* Assets.xcassets */; };
		B95ED2EA2A901BD4002A6DE4 /* LogoView.swift in Sources */ = {isa = PBXBuildFile; fileRef = B95ED2E92A901BD4002A6DE4 /* LogoView.swift */; };
		B95ED2EC2A901C21002A6DE4 /* ProfileButtonView.swift in Sources */ = {isa = PBXBuildFile; fileRef = B95ED2EB2A901C21002A6DE4 /* ProfileButtonView.swift */; };
		B95ED2EE2A901E70002A6DE4 /* SearchBarView.swift in Sources */ = {isa = PBXBuildFile; fileRef = B95ED2ED2A901E70002A6DE4 /* SearchBarView.swift */; };
		B95ED2F72A90202F002A6DE4 /* ProfileButtonViewModel.swift in Sources */ = {isa = PBXBuildFile; fileRef = B95ED2F62A90202F002A6DE4 /* ProfileButtonViewModel.swift */; };
		B95ED2F92A902055002A6DE4 /* ProfileButtonModel.swift in Sources */ = {isa = PBXBuildFile; fileRef = B95ED2F82A902055002A6DE4 /* ProfileButtonModel.swift */; };
		B95ED2FE2A90209B002A6DE4 /* SearchBarModel.swift in Sources */ = {isa = PBXBuildFile; fileRef = B95ED2FD2A90209B002A6DE4 /* SearchBarModel.swift */; };
		B95ED3032A902135002A6DE4 /* IconButtonView.swift in Sources */ = {isa = PBXBuildFile; fileRef = B95ED3022A902135002A6DE4 /* IconButtonView.swift */; };
		B95ED3072A902149002A6DE4 /* IconButtonModel.swift in Sources */ = {isa = PBXBuildFile; fileRef = B95ED3062A902149002A6DE4 /* IconButtonModel.swift */; };
		B9ACB4892A91AE290040ED4A /* ReactionPill.swift in Sources */ = {isa = PBXBuildFile; fileRef = B9ACB4882A91AE290040ED4A /* ReactionPill.swift */; };
		B9ACB48B2A91AE4A0040ED4A /* ReactionPillModel.swift in Sources */ = {isa = PBXBuildFile; fileRef = B9ACB48A2A91AE4A0040ED4A /* ReactionPillModel.swift */; };
		B9ACB48D2A91B37F0040ED4A /* TabBarModel.swift in Sources */ = {isa = PBXBuildFile; fileRef = B9ACB48C2A91B37F0040ED4A /* TabBarModel.swift */; };
		B9ACB4922A91C30D0040ED4A /* TextButtonModel.swift in Sources */ = {isa = PBXBuildFile; fileRef = B9ACB4912A91C30D0040ED4A /* TextButtonModel.swift */; };
		B9ACB4952A91C31C0040ED4A /* TextButtonView.swift in Sources */ = {isa = PBXBuildFile; fileRef = B9ACB4942A91C31C0040ED4A /* TextButtonView.swift */; };
		B9D3C1C32A91A30100680596 /* StoriesView.swift in Sources */ = {isa = PBXBuildFile; fileRef = B9D3C1C22A91A30100680596 /* StoriesView.swift */; };
		B9D3C1C62A91A35A00680596 /* TabsView.swift in Sources */ = {isa = PBXBuildFile; fileRef = B9D3C1C52A91A35A00680596 /* TabsView.swift */; };
		B9D3C1C92A91A37A00680596 /* HeaderView.swift in Sources */ = {isa = PBXBuildFile; fileRef = B9D3C1C82A91A37A00680596 /* HeaderView.swift */; };
		B9D3C1CC2A91A3F300680596 /* PostsView.swift in Sources */ = {isa = PBXBuildFile; fileRef = B9D3C1CB2A91A3F300680596 /* PostsView.swift */; };
		B9D3C1CF2A91A42400680596 /* TabBarView.swift in Sources */ = {isa = PBXBuildFile; fileRef = B9D3C1CE2A91A42400680596 /* TabBarView.swift */; };
/* End PBXBuildFile section */

/* Begin PBXFileReference section */
		B95ED2AE2A8FE552002A6DE4 /* Facebook.app */ = {isa = PBXFileReference; explicitFileType = wrapper.application; includeInIndex = 0; path = Facebook.app; sourceTree = BUILT_PRODUCTS_DIR; };
		B95ED2B12A8FE552002A6DE4 /* FacebookApp.swift */ = {isa = PBXFileReference; lastKnownFileType = sourcecode.swift; path = FacebookApp.swift; sourceTree = "<group>"; };
		B95ED2B32A8FE552002A6DE4 /* HomeView.swift */ = {isa = PBXFileReference; lastKnownFileType = sourcecode.swift; path = HomeView.swift; sourceTree = "<group>"; };
		B95ED2B72A8FE554002A6DE4 /* Assets.xcassets */ = {isa = PBXFileReference; lastKnownFileType = folder.assetcatalog; path = Assets.xcassets; sourceTree = "<group>"; };
		B95ED2E92A901BD4002A6DE4 /* LogoView.swift */ = {isa = PBXFileReference; lastKnownFileType = sourcecode.swift; path = LogoView.swift; sourceTree = "<group>"; };
		B95ED2EB2A901C21002A6DE4 /* ProfileButtonView.swift */ = {isa = PBXFileReference; lastKnownFileType = sourcecode.swift; path = ProfileButtonView.swift; sourceTree = "<group>"; };
		B95ED2ED2A901E70002A6DE4 /* SearchBarView.swift */ = {isa = PBXFileReference; lastKnownFileType = sourcecode.swift; path = SearchBarView.swift; sourceTree = "<group>"; };
		B95ED2F62A90202F002A6DE4 /* ProfileButtonViewModel.swift */ = {isa = PBXFileReference; lastKnownFileType = sourcecode.swift; path = ProfileButtonViewModel.swift; sourceTree = "<group>"; };
		B95ED2F82A902055002A6DE4 /* ProfileButtonModel.swift */ = {isa = PBXFileReference; lastKnownFileType = sourcecode.swift; path = ProfileButtonModel.swift; sourceTree = "<group>"; };
		B95ED2FD2A90209B002A6DE4 /* SearchBarModel.swift */ = {isa = PBXFileReference; lastKnownFileType = sourcecode.swift; path = SearchBarModel.swift; sourceTree = "<group>"; };
		B95ED3022A902135002A6DE4 /* IconButtonView.swift */ = {isa = PBXFileReference; lastKnownFileType = sourcecode.swift; path = IconButtonView.swift; sourceTree = "<group>"; };
		B95ED3062A902149002A6DE4 /* IconButtonModel.swift */ = {isa = PBXFileReference; lastKnownFileType = sourcecode.swift; path = IconButtonModel.swift; sourceTree = "<group>"; };
		B9ACB4882A91AE290040ED4A /* ReactionPill.swift */ = {isa = PBXFileReference; lastKnownFileType = sourcecode.swift; path = ReactionPill.swift; sourceTree = "<group>"; };
		B9ACB48A2A91AE4A0040ED4A /* ReactionPillModel.swift */ = {isa = PBXFileReference; lastKnownFileType = sourcecode.swift; path = ReactionPillModel.swift; sourceTree = "<group>"; };
		B9ACB48C2A91B37F0040ED4A /* TabBarModel.swift */ = {isa = PBXFileReference; lastKnownFileType = sourcecode.swift; path = TabBarModel.swift; sourceTree = "<group>"; };
		B9ACB4912A91C30D0040ED4A /* TextButtonModel.swift */ = {isa = PBXFileReference; lastKnownFileType = sourcecode.swift; path = TextButtonModel.swift; sourceTree = "<group>"; };
		B9ACB4942A91C31C0040ED4A /* TextButtonView.swift */ = {isa = PBXFileReference; lastKnownFileType = sourcecode.swift; path = TextButtonView.swift; sourceTree = "<group>"; };
		B9D3C1C22A91A30100680596 /* StoriesView.swift */ = {isa = PBXFileReference; lastKnownFileType = sourcecode.swift; path = StoriesView.swift; sourceTree = "<group>"; };
		B9D3C1C52A91A35A00680596 /* TabsView.swift */ = {isa = PBXFileReference; lastKnownFileType = sourcecode.swift; path = TabsView.swift; sourceTree = "<group>"; };
		B9D3C1C82A91A37A00680596 /* HeaderView.swift */ = {isa = PBXFileReference; lastKnownFileType = sourcecode.swift; path = HeaderView.swift; sourceTree = "<group>"; };
		B9D3C1CB2A91A3F300680596 /* PostsView.swift */ = {isa = PBXFileReference; lastKnownFileType = sourcecode.swift; path = PostsView.swift; sourceTree = "<group>"; };
		B9D3C1CE2A91A42400680596 /* TabBarView.swift */ = {isa = PBXFileReference; lastKnownFileType = sourcecode.swift; path = TabBarView.swift; sourceTree = "<group>"; };
/* End PBXFileReference section */

/* Begin PBXFrameworksBuildPhase section */
		B95ED2AB2A8FE552002A6DE4 /* Frameworks */ = {
			isa = PBXFrameworksBuildPhase;
			buildActionMask = 2147483647;
			files = (
			);
			runOnlyForDeploymentPostprocessing = 0;
		};
/* End PBXFrameworksBuildPhase section */

/* Begin PBXGroup section */
		B95ED2A52A8FE552002A6DE4 = {
			isa = PBXGroup;
			children = (
				B95ED2B02A8FE552002A6DE4 /* Facebook */,
				B95ED2AF2A8FE552002A6DE4 /* Products */,
			);
			sourceTree = "<group>";
		};
		B95ED2AF2A8FE552002A6DE4 /* Products */ = {
			isa = PBXGroup;
			children = (
				B95ED2AE2A8FE552002A6DE4 /* Facebook.app */,
			);
			name = Products;
			sourceTree = "<group>";
		};
		B95ED2B02A8FE552002A6DE4 /* Facebook */ = {
			isa = PBXGroup;
			children = (
				B95ED2B72A8FE554002A6DE4 /* Assets.xcassets */,
				B95ED2B12A8FE552002A6DE4 /* FacebookApp.swift */,
				B95ED2E82A901BC0002A6DE4 /* Components */,
				B95ED2C82A8FE963002A6DE4 /* Onboard */,
				B95ED2C72A8FE958002A6DE4 /* Home */,
				B95ED2CB2A8FE97C002A6DE4 /* Notifications */,
				B95ED2CA2A8FE979002A6DE4 /* Profile */,
				B95ED2C92A8FE975002A6DE4 /* Video */,
				B95ED2CC2A8FE997002A6DE4 /* Menu */,
			);
			path = Facebook;
			sourceTree = "<group>";
		};
		B95ED2C72A8FE958002A6DE4 /* Home */ = {
			isa = PBXGroup;
			children = (
				B95ED2B32A8FE552002A6DE4 /* HomeView.swift */,
				B9D3C1CB2A91A3F300680596 /* PostsView.swift */,
				B9D3C1C82A91A37A00680596 /* HeaderView.swift */,
				B9D3C1C52A91A35A00680596 /* TabsView.swift */,
				B9D3C1C22A91A30100680596 /* StoriesView.swift */,
			);
			path = Home;
			sourceTree = "<group>";
		};
		B95ED2C82A8FE963002A6DE4 /* Onboard */ = {
			isa = PBXGroup;
			children = (
				B95ED2D22A8FEA52002A6DE4 /* Models */,
				B95ED2D12A8FEA4A002A6DE4 /* VIewModels */,
				B95ED2D02A8FEA46002A6DE4 /* Views */,
			);
			path = Onboard;
			sourceTree = "<group>";
		};
		B95ED2C92A8FE975002A6DE4 /* Video */ = {
			isa = PBXGroup;
			children = (
			);
			path = Video;
			sourceTree = "<group>";
		};
		B95ED2CA2A8FE979002A6DE4 /* Profile */ = {
			isa = PBXGroup;
			children = (
			);
			path = Profile;
			sourceTree = "<group>";
		};
		B95ED2CB2A8FE97C002A6DE4 /* Notifications */ = {
			isa = PBXGroup;
			children = (
			);
			path = Notifications;
			sourceTree = "<group>";
		};
		B95ED2CC2A8FE997002A6DE4 /* Menu */ = {
			isa = PBXGroup;
			children = (
			);
			path = Menu;
			sourceTree = "<group>";
		};
		B95ED2D02A8FEA46002A6DE4 /* Views */ = {
			isa = PBXGroup;
			children = (
			);
			path = Views;
			sourceTree = "<group>";
		};
		B95ED2D12A8FEA4A002A6DE4 /* VIewModels */ = {
			isa = PBXGroup;
			children = (
			);
			path = VIewModels;
			sourceTree = "<group>";
		};
		B95ED2D22A8FEA52002A6DE4 /* Models */ = {
			isa = PBXGroup;
			children = (
			);
			path = Models;
			sourceTree = "<group>";
		};
		B95ED2E82A901BC0002A6DE4 /* Components */ = {
			isa = PBXGroup;
			children = (
				B9ACB4872A91AE1E0040ED4A /* ReactionPill */,
				B9D3C1CD2A91A41C00680596 /* TabBar */,
				B95ED2EF2A901FA8002A6DE4 /* Logo */,
				B95ED2F52A90200F002A6DE4 /* ProfileButton */,
				B95ED2FA2A90205D002A6DE4 /* SearchBar */,
				B9ACB4902A91C2F20040ED4A /* TextButton */,
				B95ED3012A902127002A6DE4 /* IconButton */,
			);
			path = Components;
			sourceTree = "<group>";
		};
		B95ED2EF2A901FA8002A6DE4 /* Logo */ = {
			isa = PBXGroup;
			children = (
				B95ED2E92A901BD4002A6DE4 /* LogoView.swift */,
			);
			path = Logo;
			sourceTree = "<group>";
		};
		B95ED2F52A90200F002A6DE4 /* ProfileButton */ = {
			isa = PBXGroup;
			children = (
				B95ED2F82A902055002A6DE4 /* ProfileButtonModel.swift */,
				B95ED2F62A90202F002A6DE4 /* ProfileButtonViewModel.swift */,
				B95ED2EB2A901C21002A6DE4 /* ProfileButtonView.swift */,
			);
			path = ProfileButton;
			sourceTree = "<group>";
		};
		B95ED2FA2A90205D002A6DE4 /* SearchBar */ = {
			isa = PBXGroup;
			children = (
				B95ED2FD2A90209B002A6DE4 /* SearchBarModel.swift */,
				B95ED2ED2A901E70002A6DE4 /* SearchBarView.swift */,
			);
			path = SearchBar;
			sourceTree = "<group>";
		};
		B95ED3012A902127002A6DE4 /* IconButton */ = {
			isa = PBXGroup;
			children = (
				B95ED3062A902149002A6DE4 /* IconButtonModel.swift */,
				B95ED3022A902135002A6DE4 /* IconButtonView.swift */,
			);
			path = IconButton;
			sourceTree = "<group>";
		};
		B9ACB4872A91AE1E0040ED4A /* ReactionPill */ = {
			isa = PBXGroup;
			children = (
				B9ACB48A2A91AE4A0040ED4A /* ReactionPillModel.swift */,
				B9ACB4882A91AE290040ED4A /* ReactionPill.swift */,
			);
			path = ReactionPill;
			sourceTree = "<group>";
		};
		B9ACB4902A91C2F20040ED4A /* TextButton */ = {
			isa = PBXGroup;
			children = (
				B9ACB4912A91C30D0040ED4A /* TextButtonModel.swift */,
				B9ACB4942A91C31C0040ED4A /* TextButtonView.swift */,
			);
			path = TextButton;
			sourceTree = "<group>";
		};
		B9D3C1CD2A91A41C00680596 /* TabBar */ = {
			isa = PBXGroup;
			children = (
				B9ACB48C2A91B37F0040ED4A /* TabBarModel.swift */,
				B9D3C1CE2A91A42400680596 /* TabBarView.swift */,
			);
			path = TabBar;
			sourceTree = "<group>";
		};
/* End PBXGroup section */

/* Begin PBXNativeTarget section */
		B95ED2AD2A8FE552002A6DE4 /* Facebook */ = {
			isa = PBXNativeTarget;
			buildConfigurationList = B95ED2BE2A8FE554002A6DE4 /* Build configuration list for PBXNativeTarget "Facebook" */;
			buildPhases = (
				B95ED2AA2A8FE552002A6DE4 /* Sources */,
				B95ED2AB2A8FE552002A6DE4 /* Frameworks */,
				B95ED2AC2A8FE552002A6DE4 /* Resources */,
			);
			buildRules = (
			);
			dependencies = (
			);
			name = Facebook;
			productName = Facebook;
			productReference = B95ED2AE2A8FE552002A6DE4 /* Facebook.app */;
			productType = "com.apple.product-type.application";
		};
/* End PBXNativeTarget section */

/* Begin PBXProject section */
		B95ED2A62A8FE552002A6DE4 /* Project object */ = {
			isa = PBXProject;
			attributes = {
				BuildIndependentTargetsInParallel = 1;
				LastSwiftUpdateCheck = 1500;
				LastUpgradeCheck = 1500;
				TargetAttributes = {
					B95ED2AD2A8FE552002A6DE4 = {
						CreatedOnToolsVersion = 15.0;
					};
				};
			};
			buildConfigurationList = B95ED2A92A8FE552002A6DE4 /* Build configuration list for PBXProject "Facebook" */;
			compatibilityVersion = "Xcode 14.0";
			developmentRegion = en;
			hasScannedForEncodings = 0;
			knownRegions = (
				en,
				Base,
			);
			mainGroup = B95ED2A52A8FE552002A6DE4;
			productRefGroup = B95ED2AF2A8FE552002A6DE4 /* Products */;
			projectDirPath = "";
			projectRoot = "";
			targets = (
				B95ED2AD2A8FE552002A6DE4 /* Facebook */,
			);
		};
/* End PBXProject section */

/* Begin PBXResourcesBuildPhase section */
		B95ED2AC2A8FE552002A6DE4 /* Resources */ = {
			isa = PBXResourcesBuildPhase;
			buildActionMask = 2147483647;
			files = (
				B95ED2B82A8FE554002A6DE4 /* Assets.xcassets in Resources */,
			);
			runOnlyForDeploymentPostprocessing = 0;
		};
/* End PBXResourcesBuildPhase section */

/* Begin PBXSourcesBuildPhase section */
		B95ED2AA2A8FE552002A6DE4 /* Sources */ = {
			isa = PBXSourcesBuildPhase;
			buildActionMask = 2147483647;
			files = (
				B9D3C1C32A91A30100680596 /* StoriesView.swift in Sources */,
				B9D3C1C92A91A37A00680596 /* HeaderView.swift in Sources */,
				B95ED2F92A902055002A6DE4 /* ProfileButtonModel.swift in Sources */,
				B95ED2F72A90202F002A6DE4 /* ProfileButtonViewModel.swift in Sources */,
				B9D3C1C62A91A35A00680596 /* TabsView.swift in Sources */,
				B9D3C1CF2A91A42400680596 /* TabBarView.swift in Sources */,
				B95ED2FE2A90209B002A6DE4 /* SearchBarModel.swift in Sources */,
				B9D3C1CC2A91A3F300680596 /* PostsView.swift in Sources */,
				B95ED2EC2A901C21002A6DE4 /* ProfileButtonView.swift in Sources */,
				B9ACB4952A91C31C0040ED4A /* TextButtonView.swift in Sources */,
				B9ACB48D2A91B37F0040ED4A /* TabBarModel.swift in Sources */,
				B95ED2B42A8FE552002A6DE4 /* HomeView.swift in Sources */,
				B95ED2EE2A901E70002A6DE4 /* SearchBarView.swift in Sources */,
				B95ED3032A902135002A6DE4 /* IconButtonView.swift in Sources */,
				B9ACB4892A91AE290040ED4A /* ReactionPill.swift in Sources */,
				B95ED3072A902149002A6DE4 /* IconButtonModel.swift in Sources */,
				B9ACB4922A91C30D0040ED4A /* TextButtonModel.swift in Sources */,
				B9ACB48B2A91AE4A0040ED4A /* ReactionPillModel.swift in Sources */,
				B95ED2EA2A901BD4002A6DE4 /* LogoView.swift in Sources */,
				B95ED2B22A8FE552002A6DE4 /* FacebookApp.swift in Sources */,
			);
			runOnlyForDeploymentPostprocessing = 0;
		};
/* End PBXSourcesBuildPhase section */

/* Begin XCBuildConfiguration section */
		B95ED2BC2A8FE554002A6DE4 /* Debug */ = {
			isa = XCBuildConfiguration;
			buildSettings = {
				ALWAYS_SEARCH_USER_PATHS = NO;
				ASSETCATALOG_COMPILER_GENERATE_SWIFT_ASSET_SYMBOL_EXTENSIONS = YES;
				CLANG_ANALYZER_NONNULL = YES;
				CLANG_ANALYZER_NUMBER_OBJECT_CONVERSION = YES_AGGRESSIVE;
				CLANG_CXX_LANGUAGE_STANDARD = "gnu++20";
				CLANG_ENABLE_MODULES = YES;
				CLANG_ENABLE_OBJC_ARC = YES;
				CLANG_ENABLE_OBJC_WEAK = YES;
				CLANG_WARN_BLOCK_CAPTURE_AUTORELEASING = YES;
				CLANG_WARN_BOOL_CONVERSION = YES;
				CLANG_WARN_COMMA = YES;
				CLANG_WARN_CONSTANT_CONVERSION = YES;
				CLANG_WARN_DEPRECATED_OBJC_IMPLEMENTATIONS = YES;
				CLANG_WARN_DIRECT_OBJC_ISA_USAGE = YES_ERROR;
				CLANG_WARN_DOCUMENTATION_COMMENTS = YES;
				CLANG_WARN_EMPTY_BODY = YES;
				CLANG_WARN_ENUM_CONVERSION = YES;
				CLANG_WARN_INFINITE_RECURSION = YES;
				CLANG_WARN_INT_CONVERSION = YES;
				CLANG_WARN_NON_LITERAL_NULL_CONVERSION = YES;
				CLANG_WARN_OBJC_IMPLICIT_RETAIN_SELF = YES;
				CLANG_WARN_OBJC_LITERAL_CONVERSION = YES;
				CLANG_WARN_OBJC_ROOT_CLASS = YES_ERROR;
				CLANG_WARN_QUOTED_INCLUDE_IN_FRAMEWORK_HEADER = YES;
				CLANG_WARN_RANGE_LOOP_ANALYSIS = YES;
				CLANG_WARN_STRICT_PROTOTYPES = YES;
				CLANG_WARN_SUSPICIOUS_MOVE = YES;
				CLANG_WARN_UNGUARDED_AVAILABILITY = YES_AGGRESSIVE;
				CLANG_WARN_UNREACHABLE_CODE = YES;
				CLANG_WARN__DUPLICATE_METHOD_MATCH = YES;
				COPY_PHASE_STRIP = NO;
				DEBUG_INFORMATION_FORMAT = dwarf;
				ENABLE_STRICT_OBJC_MSGSEND = YES;
				ENABLE_TESTABILITY = YES;
				ENABLE_USER_SCRIPT_SANDBOXING = YES;
				GCC_C_LANGUAGE_STANDARD = gnu17;
				GCC_DYNAMIC_NO_PIC = NO;
				GCC_NO_COMMON_BLOCKS = YES;
				GCC_OPTIMIZATION_LEVEL = 0;
				GCC_PREPROCESSOR_DEFINITIONS = (
					"DEBUG=1",
					"$(inherited)",
				);
				GCC_WARN_64_TO_32_BIT_CONVERSION = YES;
				GCC_WARN_ABOUT_RETURN_TYPE = YES_ERROR;
				GCC_WARN_UNDECLARED_SELECTOR = YES;
				GCC_WARN_UNINITIALIZED_AUTOS = YES_AGGRESSIVE;
				GCC_WARN_UNUSED_FUNCTION = YES;
				GCC_WARN_UNUSED_VARIABLE = YES;
				IPHONEOS_DEPLOYMENT_TARGET = 17.0;
				LOCALIZATION_PREFERS_STRING_CATALOGS = YES;
				MTL_ENABLE_DEBUG_INFO = INCLUDE_SOURCE;
				MTL_FAST_MATH = YES;
				ONLY_ACTIVE_ARCH = YES;
				SDKROOT = iphoneos;
				SWIFT_ACTIVE_COMPILATION_CONDITIONS = "DEBUG $(inherited)";
				SWIFT_OPTIMIZATION_LEVEL = "-Onone";
			};
			name = Debug;
		};
		B95ED2BD2A8FE554002A6DE4 /* Release */ = {
			isa = XCBuildConfiguration;
			buildSettings = {
				ALWAYS_SEARCH_USER_PATHS = NO;
				ASSETCATALOG_COMPILER_GENERATE_SWIFT_ASSET_SYMBOL_EXTENSIONS = YES;
				CLANG_ANALYZER_NONNULL = YES;
				CLANG_ANALYZER_NUMBER_OBJECT_CONVERSION = YES_AGGRESSIVE;
				CLANG_CXX_LANGUAGE_STANDARD = "gnu++20";
				CLANG_ENABLE_MODULES = YES;
				CLANG_ENABLE_OBJC_ARC = YES;
				CLANG_ENABLE_OBJC_WEAK = YES;
				CLANG_WARN_BLOCK_CAPTURE_AUTORELEASING = YES;
				CLANG_WARN_BOOL_CONVERSION = YES;
				CLANG_WARN_COMMA = YES;
				CLANG_WARN_CONSTANT_CONVERSION = YES;
				CLANG_WARN_DEPRECATED_OBJC_IMPLEMENTATIONS = YES;
				CLANG_WARN_DIRECT_OBJC_ISA_USAGE = YES_ERROR;
				CLANG_WARN_DOCUMENTATION_COMMENTS = YES;
				CLANG_WARN_EMPTY_BODY = YES;
				CLANG_WARN_ENUM_CONVERSION = YES;
				CLANG_WARN_INFINITE_RECURSION = YES;
				CLANG_WARN_INT_CONVERSION = YES;
				CLANG_WARN_NON_LITERAL_NULL_CONVERSION = YES;
				CLANG_WARN_OBJC_IMPLICIT_RETAIN_SELF = YES;
				CLANG_WARN_OBJC_LITERAL_CONVERSION = YES;
				CLANG_WARN_OBJC_ROOT_CLASS = YES_ERROR;
				CLANG_WARN_QUOTED_INCLUDE_IN_FRAMEWORK_HEADER = YES;
				CLANG_WARN_RANGE_LOOP_ANALYSIS = YES;
				CLANG_WARN_STRICT_PROTOTYPES = YES;
				CLANG_WARN_SUSPICIOUS_MOVE = YES;
				CLANG_WARN_UNGUARDED_AVAILABILITY = YES_AGGRESSIVE;
				CLANG_WARN_UNREACHABLE_CODE = YES;
				CLANG_WARN__DUPLICATE_METHOD_MATCH = YES;
				COPY_PHASE_STRIP = NO;
				DEBUG_INFORMATION_FORMAT = "dwarf-with-dsym";
				ENABLE_NS_ASSERTIONS = NO;
				ENABLE_STRICT_OBJC_MSGSEND = YES;
				ENABLE_USER_SCRIPT_SANDBOXING = YES;
				GCC_C_LANGUAGE_STANDARD = gnu17;
				GCC_NO_COMMON_BLOCKS = YES;
				GCC_WARN_64_TO_32_BIT_CONVERSION = YES;
				GCC_WARN_ABOUT_RETURN_TYPE = YES_ERROR;
				GCC_WARN_UNDECLARED_SELECTOR = YES;
				GCC_WARN_UNINITIALIZED_AUTOS = YES_AGGRESSIVE;
				GCC_WARN_UNUSED_FUNCTION = YES;
				GCC_WARN_UNUSED_VARIABLE = YES;
				IPHONEOS_DEPLOYMENT_TARGET = 17.0;
				LOCALIZATION_PREFERS_STRING_CATALOGS = YES;
				MTL_ENABLE_DEBUG_INFO = NO;
				MTL_FAST_MATH = YES;
				SDKROOT = iphoneos;
				SWIFT_COMPILATION_MODE = wholemodule;
				VALIDATE_PRODUCT = YES;
			};
			name = Release;
		};
		B95ED2BF2A8FE554002A6DE4 /* Debug */ = {
			isa = XCBuildConfiguration;
			buildSettings = {
				ASSETCATALOG_COMPILER_APPICON_NAME = AppIcon;
				ASSETCATALOG_COMPILER_GLOBAL_ACCENT_COLOR_NAME = AccentColor;
				CODE_SIGN_STYLE = Automatic;
				CURRENT_PROJECT_VERSION = 1;
				DEVELOPMENT_ASSET_PATHS = "\"Facebook/Preview Content\"";
				DEVELOPMENT_TEAM = 6R2E9P9EPV;
				ENABLE_PREVIEWS = YES;
				GENERATE_INFOPLIST_FILE = YES;
				INFOPLIST_KEY_UIApplicationSceneManifest_Generation = YES;
				INFOPLIST_KEY_UIApplicationSupportsIndirectInputEvents = YES;
				INFOPLIST_KEY_UILaunchScreen_Generation = YES;
				INFOPLIST_KEY_UISupportedInterfaceOrientations_iPad = "UIInterfaceOrientationPortrait UIInterfaceOrientationPortraitUpsideDown UIInterfaceOrientationLandscapeLeft UIInterfaceOrientationLandscapeRight";
				INFOPLIST_KEY_UISupportedInterfaceOrientations_iPhone = "UIInterfaceOrientationPortrait UIInterfaceOrientationLandscapeLeft UIInterfaceOrientationLandscapeRight";
				LD_RUNPATH_SEARCH_PATHS = (
					"$(inherited)",
					"@executable_path/Frameworks",
				);
				MARKETING_VERSION = 1.0;
				PRODUCT_BUNDLE_IDENTIFIER = Waked.Facebook;
				PRODUCT_NAME = "$(TARGET_NAME)";
				SWIFT_EMIT_LOC_STRINGS = YES;
				SWIFT_VERSION = 5.0;
				TARGETED_DEVICE_FAMILY = "1,2";
			};
			name = Debug;
		};
		B95ED2C02A8FE554002A6DE4 /* Release */ = {
			isa = XCBuildConfiguration;
			buildSettings = {
				ASSETCATALOG_COMPILER_APPICON_NAME = AppIcon;
				ASSETCATALOG_COMPILER_GLOBAL_ACCENT_COLOR_NAME = AccentColor;
				CODE_SIGN_STYLE = Automatic;
				CURRENT_PROJECT_VERSION = 1;
				DEVELOPMENT_ASSET_PATHS = "\"Facebook/Preview Content\"";
				DEVELOPMENT_TEAM = 6R2E9P9EPV;
				ENABLE_PREVIEWS = YES;
				GENERATE_INFOPLIST_FILE = YES;
				INFOPLIST_KEY_UIApplicationSceneManifest_Generation = YES;
				INFOPLIST_KEY_UIApplicationSupportsIndirectInputEvents = YES;
				INFOPLIST_KEY_UILaunchScreen_Generation = YES;
				INFOPLIST_KEY_UISupportedInterfaceOrientations_iPad = "UIInterfaceOrientationPortrait UIInterfaceOrientationPortraitUpsideDown UIInterfaceOrientationLandscapeLeft UIInterfaceOrientationLandscapeRight";
				INFOPLIST_KEY_UISupportedInterfaceOrientations_iPhone = "UIInterfaceOrientationPortrait UIInterfaceOrientationLandscapeLeft UIInterfaceOrientationLandscapeRight";
				LD_RUNPATH_SEARCH_PATHS = (
					"$(inherited)",
					"@executable_path/Frameworks",
				);
				MARKETING_VERSION = 1.0;
				PRODUCT_BUNDLE_IDENTIFIER = Waked.Facebook;
				PRODUCT_NAME = "$(TARGET_NAME)";
				SWIFT_EMIT_LOC_STRINGS = YES;
				SWIFT_VERSION = 5.0;
				TARGETED_DEVICE_FAMILY = "1,2";
			};
			name = Release;
		};
/* End XCBuildConfiguration section */

/* Begin XCConfigurationList section */
		B95ED2A92A8FE552002A6DE4 /* Build configuration list for PBXProject "Facebook" */ = {
			isa = XCConfigurationList;
			buildConfigurations = (
				B95ED2BC2A8FE554002A6DE4 /* Debug */,
				B95ED2BD2A8FE554002A6DE4 /* Release */,
			);
			defaultConfigurationIsVisible = 0;
			defaultConfigurationName = Release;
		};
		B95ED2BE2A8FE554002A6DE4 /* Build configuration list for PBXNativeTarget "Facebook" */ = {
			isa = XCConfigurationList;
			buildConfigurations = (
				B95ED2BF2A8FE554002A6DE4 /* Debug */,
				B95ED2C02A8FE554002A6DE4 /* Release */,
			);
			defaultConfigurationIsVisible = 0;
			defaultConfigurationName = Release;
		};
/* End XCConfigurationList section */
	};
	rootObject = B95ED2A62A8FE552002A6DE4 /* Project object */;
}
