// !$*UTF8*$!
{
	archiveVersion = 1;
	classes = {
	};
	objectVersion = 56;
	objects = {

/* Begin PBXBuildFile section */
		B90A814A2A93189600AC9970 /* VideosView.swift in Sources */ = {isa = PBXBuildFile; fileRef = B90A81492A93189600AC9970 /* VideosView.swift */; };
		B90CAC652A93F9C1006B5AB9 /* ImagePostView.swift in Sources */ = {isa = PBXBuildFile; fileRef = B90CAC642A93F9C1006B5AB9 /* ImagePostView.swift */; };
		B90CAC682A93F9E3006B5AB9 /* ImagePostModel.swift in Sources */ = {isa = PBXBuildFile; fileRef = B90CAC672A93F9E3006B5AB9 /* ImagePostModel.swift */; };
		B90CAC6B2A94026D006B5AB9 /* ReelPostView.swift in Sources */ = {isa = PBXBuildFile; fileRef = B90CAC6A2A94026D006B5AB9 /* ReelPostView.swift */; };
		B90CAC6D2A94029C006B5AB9 /* ReelPostModel.swift in Sources */ = {isa = PBXBuildFile; fileRef = B90CAC6C2A94029C006B5AB9 /* ReelPostModel.swift */; };
		B90CAC742A940E8A006B5AB9 /* VideoPostModel.swift in Sources */ = {isa = PBXBuildFile; fileRef = B90CAC732A940E8A006B5AB9 /* VideoPostModel.swift */; };
		B90CAC762A940E93006B5AB9 /* VideoPostView.swift in Sources */ = {isa = PBXBuildFile; fileRef = B90CAC752A940E93006B5AB9 /* VideoPostView.swift */; };
		B92DEC352A92980000D6400F /* TabsModel.swift in Sources */ = {isa = PBXBuildFile; fileRef = B92DEC342A92980000D6400F /* TabsModel.swift */; };
		B93F54A52A927D7A00857CA5 /* NotificationView.swift in Sources */ = {isa = PBXBuildFile; fileRef = B93F54A42A927D7A00857CA5 /* NotificationView.swift */; };
		B93F54A72A927D8000857CA5 /* ProfileView.swift in Sources */ = {isa = PBXBuildFile; fileRef = B93F54A62A927D8000857CA5 /* ProfileView.swift */; };
		B93F54A92A927D8800857CA5 /* MessageView.swift in Sources */ = {isa = PBXBuildFile; fileRef = B93F54A82A927D8800857CA5 /* MessageView.swift */; };
		B93F54AB2A927D9E00857CA5 /* MenuView.swift in Sources */ = {isa = PBXBuildFile; fileRef = B93F54AA2A927D9E00857CA5 /* MenuView.swift */; };
		B93F54AF2A92878700857CA5 /* TabBarViewModel.swift in Sources */ = {isa = PBXBuildFile; fileRef = B93F54AE2A92878700857CA5 /* TabBarViewModel.swift */; };
		B95ED2B22A8FE552002A6DE4 /* FacebookApp.swift in Sources */ = {isa = PBXBuildFile; fileRef = B95ED2B12A8FE552002A6DE4 /* FacebookApp.swift */; };
		B95ED2B42A8FE552002A6DE4 /* HomeView.swift in Sources */ = {isa = PBXBuildFile; fileRef = B95ED2B32A8FE552002A6DE4 /* HomeView.swift */; };
		B95ED2B82A8FE554002A6DE4 /* Assets.xcassets in Resources */ = {isa = PBXBuildFile; fileRef = B95ED2B72A8FE554002A6DE4 /* Assets.xcassets */; };
		B95ED2EA2A901BD4002A6DE4 /* LogoView.swift in Sources */ = {isa = PBXBuildFile; fileRef = B95ED2E92A901BD4002A6DE4 /* LogoView.swift */; };
		B95ED2EC2A901C21002A6DE4 /* ProfileButtonView.swift in Sources */ = {isa = PBXBuildFile; fileRef = B95ED2EB2A901C21002A6DE4 /* ProfileButtonView.swift */; };
		B95ED2EE2A901E70002A6DE4 /* ActionBarView.swift in Sources */ = {isa = PBXBuildFile; fileRef = B95ED2ED2A901E70002A6DE4 /* ActionBarView.swift */; };
		B95ED2F72A90202F002A6DE4 /* ProfileButtonViewModel.swift in Sources */ = {isa = PBXBuildFile; fileRef = B95ED2F62A90202F002A6DE4 /* ProfileButtonViewModel.swift */; };
		B95ED2F92A902055002A6DE4 /* ProfileButtonModel.swift in Sources */ = {isa = PBXBuildFile; fileRef = B95ED2F82A902055002A6DE4 /* ProfileButtonModel.swift */; };
		B95ED2FE2A90209B002A6DE4 /* ActionBarModel.swift in Sources */ = {isa = PBXBuildFile; fileRef = B95ED2FD2A90209B002A6DE4 /* ActionBarModel.swift */; };
		B95ED3032A902135002A6DE4 /* IconButtonView.swift in Sources */ = {isa = PBXBuildFile; fileRef = B95ED3022A902135002A6DE4 /* IconButtonView.swift */; };
		B95ED3072A902149002A6DE4 /* IconButtonModel.swift in Sources */ = {isa = PBXBuildFile; fileRef = B95ED3062A902149002A6DE4 /* IconButtonModel.swift */; };
		B9ACB4892A91AE290040ED4A /* ReactionPillView.swift in Sources */ = {isa = PBXBuildFile; fileRef = B9ACB4882A91AE290040ED4A /* ReactionPillView.swift */; };
		B9ACB48B2A91AE4A0040ED4A /* ReactionPillModel.swift in Sources */ = {isa = PBXBuildFile; fileRef = B9ACB48A2A91AE4A0040ED4A /* ReactionPillModel.swift */; };
		B9ACB48D2A91B37F0040ED4A /* TabBarModel.swift in Sources */ = {isa = PBXBuildFile; fileRef = B9ACB48C2A91B37F0040ED4A /* TabBarModel.swift */; };
		B9ACB4922A91C30D0040ED4A /* TextButtonModel.swift in Sources */ = {isa = PBXBuildFile; fileRef = B9ACB4912A91C30D0040ED4A /* TextButtonModel.swift */; };
		B9ACB4952A91C31C0040ED4A /* TextButtonView.swift in Sources */ = {isa = PBXBuildFile; fileRef = B9ACB4942A91C31C0040ED4A /* TextButtonView.swift */; };
		B9C3AE9D2A92B3200002A823 /* LaunchScreen.storyboard in Resources */ = {isa = PBXBuildFile; fileRef = B9C3AE9C2A92B3200002A823 /* LaunchScreen.storyboard */; };
		B9C415FF2A955AF1001319B4 /* ReelsView.swift in Sources */ = {isa = PBXBuildFile; fileRef = B9C415FE2A955AF1001319B4 /* ReelsView.swift */; };
		B9C416012A95711C001319B4 /* ReelsCodeDump.swift in Sources */ = {isa = PBXBuildFile; fileRef = B9C416002A95711C001319B4 /* ReelsCodeDump.swift */; };
		B9D3C1C32A91A30100680596 /* StoriesView.swift in Sources */ = {isa = PBXBuildFile; fileRef = B9D3C1C22A91A30100680596 /* StoriesView.swift */; };
		B9D3C1C62A91A35A00680596 /* TabsView.swift in Sources */ = {isa = PBXBuildFile; fileRef = B9D3C1C52A91A35A00680596 /* TabsView.swift */; };
		B9D3C1C92A91A37A00680596 /* HeaderView.swift in Sources */ = {isa = PBXBuildFile; fileRef = B9D3C1C82A91A37A00680596 /* HeaderView.swift */; };
		B9D3C1CC2A91A3F300680596 /* PostsView.swift in Sources */ = {isa = PBXBuildFile; fileRef = B9D3C1CB2A91A3F300680596 /* PostsView.swift */; };
		B9D3C1CF2A91A42400680596 /* TabBarView.swift in Sources */ = {isa = PBXBuildFile; fileRef = B9D3C1CE2A91A42400680596 /* TabBarView.swift */; };
		B9EA10032A92DCDF00A30CB4 /* ReactionGroupView.swift in Sources */ = {isa = PBXBuildFile; fileRef = B9EA10022A92DCDF00A30CB4 /* ReactionGroupView.swift */; };
		B9EA10062A92DEB300A30CB4 /* AddIndicatorView.swift in Sources */ = {isa = PBXBuildFile; fileRef = B9EA10052A92DEB300A30CB4 /* AddIndicatorView.swift */; };
/* End PBXBuildFile section */

/* Begin PBXFileReference section */
		B90A81492A93189600AC9970 /* VideosView.swift */ = {isa = PBXFileReference; lastKnownFileType = sourcecode.swift; path = VideosView.swift; sourceTree = "<group>"; };
		B90CAC642A93F9C1006B5AB9 /* ImagePostView.swift */ = {isa = PBXFileReference; lastKnownFileType = sourcecode.swift; path = ImagePostView.swift; sourceTree = "<group>"; };
		B90CAC672A93F9E3006B5AB9 /* ImagePostModel.swift */ = {isa = PBXFileReference; lastKnownFileType = sourcecode.swift; path = ImagePostModel.swift; sourceTree = "<group>"; };
		B90CAC6A2A94026D006B5AB9 /* ReelPostView.swift */ = {isa = PBXFileReference; lastKnownFileType = sourcecode.swift; path = ReelPostView.swift; sourceTree = "<group>"; };
		B90CAC6C2A94029C006B5AB9 /* ReelPostModel.swift */ = {isa = PBXFileReference; lastKnownFileType = sourcecode.swift; path = ReelPostModel.swift; sourceTree = "<group>"; };
		B90CAC732A940E8A006B5AB9 /* VideoPostModel.swift */ = {isa = PBXFileReference; lastKnownFileType = sourcecode.swift; path = VideoPostModel.swift; sourceTree = "<group>"; };
		B90CAC752A940E93006B5AB9 /* VideoPostView.swift */ = {isa = PBXFileReference; lastKnownFileType = sourcecode.swift; path = VideoPostView.swift; sourceTree = "<group>"; };
		B92DEC342A92980000D6400F /* TabsModel.swift */ = {isa = PBXFileReference; lastKnownFileType = sourcecode.swift; path = TabsModel.swift; sourceTree = "<group>"; };
		B93F54A42A927D7A00857CA5 /* NotificationView.swift */ = {isa = PBXFileReference; lastKnownFileType = sourcecode.swift; path = NotificationView.swift; sourceTree = "<group>"; };
		B93F54A62A927D8000857CA5 /* ProfileView.swift */ = {isa = PBXFileReference; lastKnownFileType = sourcecode.swift; path = ProfileView.swift; sourceTree = "<group>"; };
		B93F54A82A927D8800857CA5 /* MessageView.swift */ = {isa = PBXFileReference; lastKnownFileType = sourcecode.swift; path = MessageView.swift; sourceTree = "<group>"; };
		B93F54AA2A927D9E00857CA5 /* MenuView.swift */ = {isa = PBXFileReference; lastKnownFileType = sourcecode.swift; path = MenuView.swift; sourceTree = "<group>"; };
		B93F54AE2A92878700857CA5 /* TabBarViewModel.swift */ = {isa = PBXFileReference; lastKnownFileType = sourcecode.swift; path = TabBarViewModel.swift; sourceTree = "<group>"; };
		B95ED2AE2A8FE552002A6DE4 /* Facebook.app */ = {isa = PBXFileReference; explicitFileType = wrapper.application; includeInIndex = 0; path = Facebook.app; sourceTree = BUILT_PRODUCTS_DIR; };
		B95ED2B12A8FE552002A6DE4 /* FacebookApp.swift */ = {isa = PBXFileReference; lastKnownFileType = sourcecode.swift; path = FacebookApp.swift; sourceTree = "<group>"; };
		B95ED2B32A8FE552002A6DE4 /* HomeView.swift */ = {isa = PBXFileReference; lastKnownFileType = sourcecode.swift; path = HomeView.swift; sourceTree = "<group>"; };
		B95ED2B72A8FE554002A6DE4 /* Assets.xcassets */ = {isa = PBXFileReference; lastKnownFileType = folder.assetcatalog; path = Assets.xcassets; sourceTree = "<group>"; };
		B95ED2E92A901BD4002A6DE4 /* LogoView.swift */ = {isa = PBXFileReference; lastKnownFileType = sourcecode.swift; path = LogoView.swift; sourceTree = "<group>"; };
		B95ED2EB2A901C21002A6DE4 /* ProfileButtonView.swift */ = {isa = PBXFileReference; lastKnownFileType = sourcecode.swift; path = ProfileButtonView.swift; sourceTree = "<group>"; };
		B95ED2ED2A901E70002A6DE4 /* ActionBarView.swift */ = {isa = PBXFileReference; lastKnownFileType = sourcecode.swift; path = ActionBarView.swift; sourceTree = "<group>"; };
		B95ED2F62A90202F002A6DE4 /* ProfileButtonViewModel.swift */ = {isa = PBXFileReference; lastKnownFileType = sourcecode.swift; path = ProfileButtonViewModel.swift; sourceTree = "<group>"; };
		B95ED2F82A902055002A6DE4 /* ProfileButtonModel.swift */ = {isa = PBXFileReference; lastKnownFileType = sourcecode.swift; path = ProfileButtonModel.swift; sourceTree = "<group>"; };
		B95ED2FD2A90209B002A6DE4 /* ActionBarModel.swift */ = {isa = PBXFileReference; lastKnownFileType = sourcecode.swift; path = ActionBarModel.swift; sourceTree = "<group>"; };
		B95ED3022A902135002A6DE4 /* IconButtonView.swift */ = {isa = PBXFileReference; lastKnownFileType = sourcecode.swift; path = IconButtonView.swift; sourceTree = "<group>"; };
		B95ED3062A902149002A6DE4 /* IconButtonModel.swift */ = {isa = PBXFileReference; lastKnownFileType = sourcecode.swift; path = IconButtonModel.swift; sourceTree = "<group>"; };
		B9ACB4882A91AE290040ED4A /* ReactionPillView.swift */ = {isa = PBXFileReference; lastKnownFileType = sourcecode.swift; path = ReactionPillView.swift; sourceTree = "<group>"; };
		B9ACB48A2A91AE4A0040ED4A /* ReactionPillModel.swift */ = {isa = PBXFileReference; lastKnownFileType = sourcecode.swift; path = ReactionPillModel.swift; sourceTree = "<group>"; };
		B9ACB48C2A91B37F0040ED4A /* TabBarModel.swift */ = {isa = PBXFileReference; lastKnownFileType = sourcecode.swift; path = TabBarModel.swift; sourceTree = "<group>"; };
		B9ACB4912A91C30D0040ED4A /* TextButtonModel.swift */ = {isa = PBXFileReference; lastKnownFileType = sourcecode.swift; path = TextButtonModel.swift; sourceTree = "<group>"; };
		B9ACB4942A91C31C0040ED4A /* TextButtonView.swift */ = {isa = PBXFileReference; lastKnownFileType = sourcecode.swift; path = TextButtonView.swift; sourceTree = "<group>"; };
		B9C3AE9C2A92B3200002A823 /* LaunchScreen.storyboard */ = {isa = PBXFileReference; lastKnownFileType = file.storyboard; path = LaunchScreen.storyboard; sourceTree = "<group>"; };
		B9C415FE2A955AF1001319B4 /* ReelsView.swift */ = {isa = PBXFileReference; lastKnownFileType = sourcecode.swift; path = ReelsView.swift; sourceTree = "<group>"; };
		B9C416002A95711C001319B4 /* ReelsCodeDump.swift */ = {isa = PBXFileReference; lastKnownFileType = sourcecode.swift; path = ReelsCodeDump.swift; sourceTree = "<group>"; };
		B9C714D72A92AF9F0066078F /* Info.plist */ = {isa = PBXFileReference; lastKnownFileType = text.plist; path = Info.plist; sourceTree = "<group>"; };
		B9D3C1C22A91A30100680596 /* StoriesView.swift */ = {isa = PBXFileReference; lastKnownFileType = sourcecode.swift; path = StoriesView.swift; sourceTree = "<group>"; };
		B9D3C1C52A91A35A00680596 /* TabsView.swift */ = {isa = PBXFileReference; lastKnownFileType = sourcecode.swift; path = TabsView.swift; sourceTree = "<group>"; };
		B9D3C1C82A91A37A00680596 /* HeaderView.swift */ = {isa = PBXFileReference; lastKnownFileType = sourcecode.swift; path = HeaderView.swift; sourceTree = "<group>"; };
		B9D3C1CB2A91A3F300680596 /* PostsView.swift */ = {isa = PBXFileReference; lastKnownFileType = sourcecode.swift; path = PostsView.swift; sourceTree = "<group>"; };
		B9D3C1CE2A91A42400680596 /* TabBarView.swift */ = {isa = PBXFileReference; lastKnownFileType = sourcecode.swift; path = TabBarView.swift; sourceTree = "<group>"; };
		B9EA10022A92DCDF00A30CB4 /* ReactionGroupView.swift */ = {isa = PBXFileReference; lastKnownFileType = sourcecode.swift; path = ReactionGroupView.swift; sourceTree = "<group>"; };
		B9EA10052A92DEB300A30CB4 /* AddIndicatorView.swift */ = {isa = PBXFileReference; lastKnownFileType = sourcecode.swift; path = AddIndicatorView.swift; sourceTree = "<group>"; };
		B9EA100E2A92F81C00A30CB4 /* Facebook.entitlements */ = {isa = PBXFileReference; lastKnownFileType = text.plist.entitlements; path = Facebook.entitlements; sourceTree = "<group>"; };
/* End PBXFileReference section */

/* Begin PBXFrameworksBuildPhase section */
		B95ED2AB2A8FE552002A6DE4 /* Frameworks */ = {
			isa = PBXFrameworksBuildPhase;
			buildActionMask = 2147483647;
			files = (
			);
			runOnlyForDeploymentPostprocessing = 0;
		};
/* End PBXFrameworksBuildPhase section */

/* Begin PBXGroup section */
		B90CAC662A93F9C8006B5AB9 /* ImagePost */ = {
			isa = PBXGroup;
			children = (
				B90CAC672A93F9E3006B5AB9 /* ImagePostModel.swift */,
				B90CAC642A93F9C1006B5AB9 /* ImagePostView.swift */,
			);
			path = ImagePost;
			sourceTree = "<group>";
		};
		B90CAC692A94025D006B5AB9 /* ReelPost */ = {
			isa = PBXGroup;
			children = (
				B90CAC6C2A94029C006B5AB9 /* ReelPostModel.swift */,
				B90CAC6A2A94026D006B5AB9 /* ReelPostView.swift */,
			);
			path = ReelPost;
			sourceTree = "<group>";
		};
		B90CAC722A940E3D006B5AB9 /* VideoPost */ = {
			isa = PBXGroup;
			children = (
				B90CAC732A940E8A006B5AB9 /* VideoPostModel.swift */,
				B90CAC752A940E93006B5AB9 /* VideoPostView.swift */,
			);
			path = VideoPost;
			sourceTree = "<group>";
		};
		B92DEC332A9297F500D6400F /* Tabs */ = {
			isa = PBXGroup;
			children = (
				B92DEC342A92980000D6400F /* TabsModel.swift */,
				B9D3C1C52A91A35A00680596 /* TabsView.swift */,
			);
			path = Tabs;
			sourceTree = "<group>";
		};
		B95ED2A52A8FE552002A6DE4 = {
			isa = PBXGroup;
			children = (
				B95ED2B02A8FE552002A6DE4 /* Facebook */,
				B95ED2AF2A8FE552002A6DE4 /* Products */,
			);
			sourceTree = "<group>";
		};
		B95ED2AF2A8FE552002A6DE4 /* Products */ = {
			isa = PBXGroup;
			children = (
				B95ED2AE2A8FE552002A6DE4 /* Facebook.app */,
			);
			name = Products;
			sourceTree = "<group>";
		};
		B95ED2B02A8FE552002A6DE4 /* Facebook */ = {
			isa = PBXGroup;
			children = (
				B9EA100E2A92F81C00A30CB4 /* Facebook.entitlements */,
				B9C714D72A92AF9F0066078F /* Info.plist */,
				B95ED2B72A8FE554002A6DE4 /* Assets.xcassets */,
				B9C3AE9C2A92B3200002A823 /* LaunchScreen.storyboard */,
				B95ED2B12A8FE552002A6DE4 /* FacebookApp.swift */,
				B95ED2E82A901BC0002A6DE4 /* Components */,
				B95ED2C82A8FE963002A6DE4 /* Onboard */,
				B95ED2C72A8FE958002A6DE4 /* Home */,
				B95ED2CC2A8FE997002A6DE4 /* Menu */,
				B95ED2C92A8FE975002A6DE4 /* Message */,
				B95ED2CB2A8FE97C002A6DE4 /* Notification */,
				B95ED2CA2A8FE979002A6DE4 /* Profile */,
				B9C416002A95711C001319B4 /* ReelsCodeDump.swift */,
			);
			path = Facebook;
			sourceTree = "<group>";
		};
		B95ED2C72A8FE958002A6DE4 /* Home */ = {
			isa = PBXGroup;
			children = (
				B95ED2B32A8FE552002A6DE4 /* HomeView.swift */,
				B9D3C1C22A91A30100680596 /* StoriesView.swift */,
				B9D3C1C82A91A37A00680596 /* HeaderView.swift */,
				B9D3C1CB2A91A3F300680596 /* PostsView.swift */,
				B9C415FE2A955AF1001319B4 /* ReelsView.swift */,
				B90A81492A93189600AC9970 /* VideosView.swift */,
			);
			path = Home;
			sourceTree = "<group>";
		};
		B95ED2C82A8FE963002A6DE4 /* Onboard */ = {
			isa = PBXGroup;
			children = (
				B95ED2D22A8FEA52002A6DE4 /* Models */,
				B95ED2D12A8FEA4A002A6DE4 /* VIewModels */,
				B95ED2D02A8FEA46002A6DE4 /* Views */,
			);
			path = Onboard;
			sourceTree = "<group>";
		};
		B95ED2C92A8FE975002A6DE4 /* Message */ = {
			isa = PBXGroup;
			children = (
				B93F54A82A927D8800857CA5 /* MessageView.swift */,
			);
			path = Message;
			sourceTree = "<group>";
		};
		B95ED2CA2A8FE979002A6DE4 /* Profile */ = {
			isa = PBXGroup;
			children = (
				B93F54A62A927D8000857CA5 /* ProfileView.swift */,
			);
			path = Profile;
			sourceTree = "<group>";
		};
		B95ED2CB2A8FE97C002A6DE4 /* Notification */ = {
			isa = PBXGroup;
			children = (
				B93F54A42A927D7A00857CA5 /* NotificationView.swift */,
			);
			path = Notification;
			sourceTree = "<group>";
		};
		B95ED2CC2A8FE997002A6DE4 /* Menu */ = {
			isa = PBXGroup;
			children = (
				B93F54AA2A927D9E00857CA5 /* MenuView.swift */,
			);
			path = Menu;
			sourceTree = "<group>";
		};
		B95ED2D02A8FEA46002A6DE4 /* Views */ = {
			isa = PBXGroup;
			children = (
			);
			path = Views;
			sourceTree = "<group>";
		};
		B95ED2D12A8FEA4A002A6DE4 /* VIewModels */ = {
			isa = PBXGroup;
			children = (
			);
			path = VIewModels;
			sourceTree = "<group>";
		};
		B95ED2D22A8FEA52002A6DE4 /* Models */ = {
			isa = PBXGroup;
			children = (
			);
			path = Models;
			sourceTree = "<group>";
		};
		B95ED2E82A901BC0002A6DE4 /* Components */ = {
			isa = PBXGroup;
			children = (
				B92DEC332A9297F500D6400F /* Tabs */,
				B90CAC662A93F9C8006B5AB9 /* ImagePost */,
				B90CAC692A94025D006B5AB9 /* ReelPost */,
				B90CAC722A940E3D006B5AB9 /* VideoPost */,
				B9EA10042A92DE9C00A30CB4 /* AddIndicator */,
				B9EA10012A92DCCB00A30CB4 /* ReactionGroup */,
				B9D3C1CD2A91A41C00680596 /* TabBar */,
				B95ED2EF2A901FA8002A6DE4 /* Logo */,
				B95ED2F52A90200F002A6DE4 /* ProfileButton */,
				B95ED2FA2A90205D002A6DE4 /* ActionBar */,
				B9ACB4902A91C2F20040ED4A /* TextButton */,
				B95ED3012A902127002A6DE4 /* IconButton */,
			);
			path = Components;
			sourceTree = "<group>";
		};
		B95ED2EF2A901FA8002A6DE4 /* Logo */ = {
			isa = PBXGroup;
			children = (
				B95ED2E92A901BD4002A6DE4 /* LogoView.swift */,
			);
			path = Logo;
			sourceTree = "<group>";
		};
		B95ED2F52A90200F002A6DE4 /* ProfileButton */ = {
			isa = PBXGroup;
			children = (
				B95ED2F82A902055002A6DE4 /* ProfileButtonModel.swift */,
				B95ED2F62A90202F002A6DE4 /* ProfileButtonViewModel.swift */,
				B95ED2EB2A901C21002A6DE4 /* ProfileButtonView.swift */,
			);
			path = ProfileButton;
			sourceTree = "<group>";
		};
		B95ED2FA2A90205D002A6DE4 /* ActionBar */ = {
			isa = PBXGroup;
			children = (
				B95ED2FD2A90209B002A6DE4 /* ActionBarModel.swift */,
				B95ED2ED2A901E70002A6DE4 /* ActionBarView.swift */,
			);
			path = ActionBar;
			sourceTree = "<group>";
		};
		B95ED3012A902127002A6DE4 /* IconButton */ = {
			isa = PBXGroup;
			children = (
				B95ED3062A902149002A6DE4 /* IconButtonModel.swift */,
				B95ED3022A902135002A6DE4 /* IconButtonView.swift */,
			);
			path = IconButton;
			sourceTree = "<group>";
		};
		B9ACB4872A91AE1E0040ED4A /* ReactionPill */ = {
			isa = PBXGroup;
			children = (
				B9ACB48A2A91AE4A0040ED4A /* ReactionPillModel.swift */,
				B9ACB4882A91AE290040ED4A /* ReactionPillView.swift */,
			);
			path = ReactionPill;
			sourceTree = "<group>";
		};
		B9ACB4902A91C2F20040ED4A /* TextButton */ = {
			isa = PBXGroup;
			children = (
				B9ACB4912A91C30D0040ED4A /* TextButtonModel.swift */,
				B9ACB4942A91C31C0040ED4A /* TextButtonView.swift */,
			);
			path = TextButton;
			sourceTree = "<group>";
		};
		B9D3C1CD2A91A41C00680596 /* TabBar */ = {
			isa = PBXGroup;
			children = (
				B9ACB48C2A91B37F0040ED4A /* TabBarModel.swift */,
				B93F54AE2A92878700857CA5 /* TabBarViewModel.swift */,
				B9D3C1CE2A91A42400680596 /* TabBarView.swift */,
			);
			path = TabBar;
			sourceTree = "<group>";
		};
		B9EA10012A92DCCB00A30CB4 /* ReactionGroup */ = {
			isa = PBXGroup;
			children = (
				B9ACB4872A91AE1E0040ED4A /* ReactionPill */,
				B9EA10022A92DCDF00A30CB4 /* ReactionGroupView.swift */,
			);
			path = ReactionGroup;
			sourceTree = "<group>";
		};
		B9EA10042A92DE9C00A30CB4 /* AddIndicator */ = {
			isa = PBXGroup;
			children = (
				B9EA10052A92DEB300A30CB4 /* AddIndicatorView.swift */,
			);
			path = AddIndicator;
			sourceTree = "<group>";
		};
/* End PBXGroup section */

/* Begin PBXNativeTarget section */
		B95ED2AD2A8FE552002A6DE4 /* Facebook */ = {
			isa = PBXNativeTarget;
			buildConfigurationList = B95ED2BE2A8FE554002A6DE4 /* Build configuration list for PBXNativeTarget "Facebook" */;
			buildPhases = (
				B95ED2AA2A8FE552002A6DE4 /* Sources */,
				B95ED2AB2A8FE552002A6DE4 /* Frameworks */,
				B95ED2AC2A8FE552002A6DE4 /* Resources */,
			);
			buildRules = (
			);
			dependencies = (
			);
			name = Facebook;
			packageProductDependencies = (
			);
			productName = Facebook;
			productReference = B95ED2AE2A8FE552002A6DE4 /* Facebook.app */;
			productType = "com.apple.product-type.application";
		};
/* End PBXNativeTarget section */

/* Begin PBXProject section */
		B95ED2A62A8FE552002A6DE4 /* Project object */ = {
			isa = PBXProject;
			attributes = {
				BuildIndependentTargetsInParallel = 1;
				LastSwiftUpdateCheck = 1500;
				LastUpgradeCheck = 1500;
				TargetAttributes = {
					B95ED2AD2A8FE552002A6DE4 = {
						CreatedOnToolsVersion = 15.0;
					};
				};
			};
			buildConfigurationList = B95ED2A92A8FE552002A6DE4 /* Build configuration list for PBXProject "Facebook" */;
			compatibilityVersion = "Xcode 14.0";
			developmentRegion = en;
			hasScannedForEncodings = 0;
			knownRegions = (
				en,
				Base,
			);
			mainGroup = B95ED2A52A8FE552002A6DE4;
			packageReferences = (
			);
			productRefGroup = B95ED2AF2A8FE552002A6DE4 /* Products */;
			projectDirPath = "";
			projectRoot = "";
			targets = (
				B95ED2AD2A8FE552002A6DE4 /* Facebook */,
			);
		};
/* End PBXProject section */

/* Begin PBXResourcesBuildPhase section */
		B95ED2AC2A8FE552002A6DE4 /* Resources */ = {
			isa = PBXResourcesBuildPhase;
			buildActionMask = 2147483647;
			files = (
				B95ED2B82A8FE554002A6DE4 /* Assets.xcassets in Resources */,
				B9C3AE9D2A92B3200002A823 /* LaunchScreen.storyboard in Resources */,
			);
			runOnlyForDeploymentPostprocessing = 0;
		};
/* End PBXResourcesBuildPhase section */

/* Begin PBXSourcesBuildPhase section */
		B95ED2AA2A8FE552002A6DE4 /* Sources */ = {
			isa = PBXSourcesBuildPhase;
			buildActionMask = 2147483647;
			files = (
				B93F54AF2A92878700857CA5 /* TabBarViewModel.swift in Sources */,
				B9D3C1C32A91A30100680596 /* StoriesView.swift in Sources */,
				B92DEC352A92980000D6400F /* TabsModel.swift in Sources */,
				B93F54AB2A927D9E00857CA5 /* MenuView.swift in Sources */,
				B90CAC6D2A94029C006B5AB9 /* ReelPostModel.swift in Sources */,
				B9D3C1C92A91A37A00680596 /* HeaderView.swift in Sources */,
				B90CAC6B2A94026D006B5AB9 /* ReelPostView.swift in Sources */,
				B9EA10032A92DCDF00A30CB4 /* ReactionGroupView.swift in Sources */,
				B93F54A52A927D7A00857CA5 /* NotificationView.swift in Sources */,
				B95ED2F92A902055002A6DE4 /* ProfileButtonModel.swift in Sources */,
				B95ED2F72A90202F002A6DE4 /* ProfileButtonViewModel.swift in Sources */,
				B9D3C1C62A91A35A00680596 /* TabsView.swift in Sources */,
				B93F54A92A927D8800857CA5 /* MessageView.swift in Sources */,
				B90CAC742A940E8A006B5AB9 /* VideoPostModel.swift in Sources */,
				B9D3C1CF2A91A42400680596 /* TabBarView.swift in Sources */,
				B95ED2FE2A90209B002A6DE4 /* ActionBarModel.swift in Sources */,
				B9D3C1CC2A91A3F300680596 /* PostsView.swift in Sources */,
				B9EA10062A92DEB300A30CB4 /* AddIndicatorView.swift in Sources */,
				B95ED2EC2A901C21002A6DE4 /* ProfileButtonView.swift in Sources */,
				B9ACB4952A91C31C0040ED4A /* TextButtonView.swift in Sources */,
				B90CAC652A93F9C1006B5AB9 /* ImagePostView.swift in Sources */,
				B9ACB48D2A91B37F0040ED4A /* TabBarModel.swift in Sources */,
				B95ED2B42A8FE552002A6DE4 /* HomeView.swift in Sources */,
				B95ED2EE2A901E70002A6DE4 /* ActionBarView.swift in Sources */,
				B95ED3032A902135002A6DE4 /* IconButtonView.swift in Sources */,
				B90A814A2A93189600AC9970 /* VideosView.swift in Sources */,
				B9ACB4892A91AE290040ED4A /* ReactionPillView.swift in Sources */,
				B90CAC762A940E93006B5AB9 /* VideoPostView.swift in Sources */,
				B95ED3072A902149002A6DE4 /* IconButtonModel.swift in Sources */,
				B9C415FF2A955AF1001319B4 /* ReelsView.swift in Sources */,
				B9ACB4922A91C30D0040ED4A /* TextButtonModel.swift in Sources */,
				B90CAC682A93F9E3006B5AB9 /* ImagePostModel.swift in Sources */,
				B9ACB48B2A91AE4A0040ED4A /* ReactionPillModel.swift in Sources */,
				B95ED2EA2A901BD4002A6DE4 /* LogoView.swift in Sources */,
				B9C416012A95711C001319B4 /* ReelsCodeDump.swift in Sources */,
				B93F54A72A927D8000857CA5 /* ProfileView.swift in Sources */,
				B95ED2B22A8FE552002A6DE4 /* FacebookApp.swift in Sources */,
			);
			runOnlyForDeploymentPostprocessing = 0;
		};
/* End PBXSourcesBuildPhase section */

/* Begin XCBuildConfiguration section */
		B95ED2BC2A8FE554002A6DE4 /* Debug */ = {
			isa = XCBuildConfiguration;
			buildSettings = {
				ALWAYS_SEARCH_USER_PATHS = NO;
				ASSETCATALOG_COMPILER_GENERATE_SWIFT_ASSET_SYMBOL_EXTENSIONS = YES;
				CLANG_ANALYZER_NONNULL = YES;
				CLANG_ANALYZER_NUMBER_OBJECT_CONVERSION = YES_AGGRESSIVE;
				CLANG_CXX_LANGUAGE_STANDARD = "gnu++20";
				CLANG_ENABLE_MODULES = YES;
				CLANG_ENABLE_OBJC_ARC = YES;
				CLANG_ENABLE_OBJC_WEAK = YES;
				CLANG_WARN_BLOCK_CAPTURE_AUTORELEASING = YES;
				CLANG_WARN_BOOL_CONVERSION = YES;
				CLANG_WARN_COMMA = YES;
				CLANG_WARN_CONSTANT_CONVERSION = YES;
				CLANG_WARN_DEPRECATED_OBJC_IMPLEMENTATIONS = YES;
				CLANG_WARN_DIRECT_OBJC_ISA_USAGE = YES_ERROR;
				CLANG_WARN_DOCUMENTATION_COMMENTS = YES;
				CLANG_WARN_EMPTY_BODY = YES;
				CLANG_WARN_ENUM_CONVERSION = YES;
				CLANG_WARN_INFINITE_RECURSION = YES;
				CLANG_WARN_INT_CONVERSION = YES;
				CLANG_WARN_NON_LITERAL_NULL_CONVERSION = YES;
				CLANG_WARN_OBJC_IMPLICIT_RETAIN_SELF = YES;
				CLANG_WARN_OBJC_LITERAL_CONVERSION = YES;
				CLANG_WARN_OBJC_ROOT_CLASS = YES_ERROR;
				CLANG_WARN_QUOTED_INCLUDE_IN_FRAMEWORK_HEADER = YES;
				CLANG_WARN_RANGE_LOOP_ANALYSIS = YES;
				CLANG_WARN_STRICT_PROTOTYPES = YES;
				CLANG_WARN_SUSPICIOUS_MOVE = YES;
				CLANG_WARN_UNGUARDED_AVAILABILITY = YES_AGGRESSIVE;
				CLANG_WARN_UNREACHABLE_CODE = YES;
				CLANG_WARN__DUPLICATE_METHOD_MATCH = YES;
				COPY_PHASE_STRIP = NO;
				DEBUG_INFORMATION_FORMAT = dwarf;
				ENABLE_STRICT_OBJC_MSGSEND = YES;
				ENABLE_TESTABILITY = YES;
				ENABLE_USER_SCRIPT_SANDBOXING = YES;
				GCC_C_LANGUAGE_STANDARD = gnu17;
				GCC_DYNAMIC_NO_PIC = NO;
				GCC_NO_COMMON_BLOCKS = YES;
				GCC_OPTIMIZATION_LEVEL = 0;
				GCC_PREPROCESSOR_DEFINITIONS = (
					"DEBUG=1",
					"$(inherited)",
				);
				GCC_WARN_64_TO_32_BIT_CONVERSION = YES;
				GCC_WARN_ABOUT_RETURN_TYPE = YES_ERROR;
				GCC_WARN_UNDECLARED_SELECTOR = YES;
				GCC_WARN_UNINITIALIZED_AUTOS = YES_AGGRESSIVE;
				GCC_WARN_UNUSED_FUNCTION = YES;
				GCC_WARN_UNUSED_VARIABLE = YES;
				IPHONEOS_DEPLOYMENT_TARGET = 17.0;
				LOCALIZATION_PREFERS_STRING_CATALOGS = YES;
				MTL_ENABLE_DEBUG_INFO = INCLUDE_SOURCE;
				MTL_FAST_MATH = YES;
				ONLY_ACTIVE_ARCH = YES;
				SDKROOT = iphoneos;
				SWIFT_ACTIVE_COMPILATION_CONDITIONS = "DEBUG $(inherited)";
				SWIFT_OPTIMIZATION_LEVEL = "-Onone";
			};
			name = Debug;
		};
		B95ED2BD2A8FE554002A6DE4 /* Release */ = {
			isa = XCBuildConfiguration;
			buildSettings = {
				ALWAYS_SEARCH_USER_PATHS = NO;
				ASSETCATALOG_COMPILER_GENERATE_SWIFT_ASSET_SYMBOL_EXTENSIONS = YES;
				CLANG_ANALYZER_NONNULL = YES;
				CLANG_ANALYZER_NUMBER_OBJECT_CONVERSION = YES_AGGRESSIVE;
				CLANG_CXX_LANGUAGE_STANDARD = "gnu++20";
				CLANG_ENABLE_MODULES = YES;
				CLANG_ENABLE_OBJC_ARC = YES;
				CLANG_ENABLE_OBJC_WEAK = YES;
				CLANG_WARN_BLOCK_CAPTURE_AUTORELEASING = YES;
				CLANG_WARN_BOOL_CONVERSION = YES;
				CLANG_WARN_COMMA = YES;
				CLANG_WARN_CONSTANT_CONVERSION = YES;
				CLANG_WARN_DEPRECATED_OBJC_IMPLEMENTATIONS = YES;
				CLANG_WARN_DIRECT_OBJC_ISA_USAGE = YES_ERROR;
				CLANG_WARN_DOCUMENTATION_COMMENTS = YES;
				CLANG_WARN_EMPTY_BODY = YES;
				CLANG_WARN_ENUM_CONVERSION = YES;
				CLANG_WARN_INFINITE_RECURSION = YES;
				CLANG_WARN_INT_CONVERSION = YES;
				CLANG_WARN_NON_LITERAL_NULL_CONVERSION = YES;
				CLANG_WARN_OBJC_IMPLICIT_RETAIN_SELF = YES;
				CLANG_WARN_OBJC_LITERAL_CONVERSION = YES;
				CLANG_WARN_OBJC_ROOT_CLASS = YES_ERROR;
				CLANG_WARN_QUOTED_INCLUDE_IN_FRAMEWORK_HEADER = YES;
				CLANG_WARN_RANGE_LOOP_ANALYSIS = YES;
				CLANG_WARN_STRICT_PROTOTYPES = YES;
				CLANG_WARN_SUSPICIOUS_MOVE = YES;
				CLANG_WARN_UNGUARDED_AVAILABILITY = YES_AGGRESSIVE;
				CLANG_WARN_UNREACHABLE_CODE = YES;
				CLANG_WARN__DUPLICATE_METHOD_MATCH = YES;
				COPY_PHASE_STRIP = NO;
				DEBUG_INFORMATION_FORMAT = "dwarf-with-dsym";
				ENABLE_NS_ASSERTIONS = NO;
				ENABLE_STRICT_OBJC_MSGSEND = YES;
				ENABLE_USER_SCRIPT_SANDBOXING = YES;
				GCC_C_LANGUAGE_STANDARD = gnu17;
				GCC_NO_COMMON_BLOCKS = YES;
				GCC_WARN_64_TO_32_BIT_CONVERSION = YES;
				GCC_WARN_ABOUT_RETURN_TYPE = YES_ERROR;
				GCC_WARN_UNDECLARED_SELECTOR = YES;
				GCC_WARN_UNINITIALIZED_AUTOS = YES_AGGRESSIVE;
				GCC_WARN_UNUSED_FUNCTION = YES;
				GCC_WARN_UNUSED_VARIABLE = YES;
				IPHONEOS_DEPLOYMENT_TARGET = 17.0;
				LOCALIZATION_PREFERS_STRING_CATALOGS = YES;
				MTL_ENABLE_DEBUG_INFO = NO;
				MTL_FAST_MATH = YES;
				SDKROOT = iphoneos;
				SWIFT_COMPILATION_MODE = wholemodule;
				VALIDATE_PRODUCT = YES;
			};
			name = Release;
		};
		B95ED2BF2A8FE554002A6DE4 /* Debug */ = {
			isa = XCBuildConfiguration;
			buildSettings = {
				ASSETCATALOG_COMPILER_APPICON_NAME = AppIcon;
				ASSETCATALOG_COMPILER_GLOBAL_ACCENT_COLOR_NAME = AccentColor;
				CODE_SIGN_ENTITLEMENTS = Facebook/Facebook.entitlements;
				CODE_SIGN_STYLE = Automatic;
				CURRENT_PROJECT_VERSION = 1;
				DEVELOPMENT_ASSET_PATHS = "\"Facebook/Preview Content\"";
				DEVELOPMENT_TEAM = 6R2E9P9EPV;
				ENABLE_PREVIEWS = YES;
				GENERATE_INFOPLIST_FILE = YES;
				INFOPLIST_FILE = Facebook/Info.plist;
				INFOPLIST_KEY_CFBundleDisplayName = Facebook;
				INFOPLIST_KEY_LSApplicationCategoryType = "public.app-category.social-networking";
				INFOPLIST_KEY_UIApplicationSceneManifest_Generation = YES;
				INFOPLIST_KEY_UIApplicationSupportsIndirectInputEvents = YES;
				INFOPLIST_KEY_UILaunchScreen_Generation = YES;
				INFOPLIST_KEY_UILaunchStoryboardName = LaunchScreen.storyboard;
				INFOPLIST_KEY_UIStatusBarStyle = "";
				INFOPLIST_KEY_UISupportedInterfaceOrientations = "UIInterfaceOrientationLandscapeLeft UIInterfaceOrientationLandscapeRight UIInterfaceOrientationPortrait";
				INFOPLIST_KEY_UISupportedInterfaceOrientations_iPad = "UIInterfaceOrientationLandscapeLeft UIInterfaceOrientationLandscapeRight UIInterfaceOrientationPortrait UIInterfaceOrientationPortraitUpsideDown";
				IPHONEOS_DEPLOYMENT_TARGET = 15.0;
				LD_RUNPATH_SEARCH_PATHS = (
					"$(inherited)",
					"@executable_path/Frameworks",
				);
				MARKETING_VERSION = 1.0;
				PRODUCT_BUNDLE_IDENTIFIER = Waked.Facebook;
				PRODUCT_NAME = "$(TARGET_NAME)";
				SUPPORTED_PLATFORMS = "iphoneos iphonesimulator";
				SUPPORTS_MACCATALYST = YES;
				SUPPORTS_MAC_DESIGNED_FOR_IPHONE_IPAD = NO;
				SWIFT_EMIT_LOC_STRINGS = YES;
				SWIFT_VERSION = 5.0;
				TARGETED_DEVICE_FAMILY = "1,2";
			};
			name = Debug;
		};
		B95ED2C02A8FE554002A6DE4 /* Release */ = {
			isa = XCBuildConfiguration;
			buildSettings = {
				ASSETCATALOG_COMPILER_APPICON_NAME = AppIcon;
				ASSETCATALOG_COMPILER_GLOBAL_ACCENT_COLOR_NAME = AccentColor;
				CODE_SIGN_ENTITLEMENTS = Facebook/Facebook.entitlements;
				CODE_SIGN_STYLE = Automatic;
				CURRENT_PROJECT_VERSION = 1;
				DEVELOPMENT_ASSET_PATHS = "\"Facebook/Preview Content\"";
				DEVELOPMENT_TEAM = 6R2E9P9EPV;
				ENABLE_PREVIEWS = YES;
				GENERATE_INFOPLIST_FILE = YES;
				INFOPLIST_FILE = Facebook/Info.plist;
				INFOPLIST_KEY_CFBundleDisplayName = Facebook;
				INFOPLIST_KEY_LSApplicationCategoryType = "public.app-category.social-networking";
				INFOPLIST_KEY_UIApplicationSceneManifest_Generation = YES;
				INFOPLIST_KEY_UIApplicationSupportsIndirectInputEvents = YES;
				INFOPLIST_KEY_UILaunchScreen_Generation = YES;
				INFOPLIST_KEY_UILaunchStoryboardName = LaunchScreen.storyboard;
				INFOPLIST_KEY_UIStatusBarStyle = "";
				INFOPLIST_KEY_UISupportedInterfaceOrientations = "UIInterfaceOrientationLandscapeLeft UIInterfaceOrientationLandscapeRight UIInterfaceOrientationPortrait";
				INFOPLIST_KEY_UISupportedInterfaceOrientations_iPad = "UIInterfaceOrientationLandscapeLeft UIInterfaceOrientationLandscapeRight UIInterfaceOrientationPortrait UIInterfaceOrientationPortraitUpsideDown";
				IPHONEOS_DEPLOYMENT_TARGET = 15.0;
				LD_RUNPATH_SEARCH_PATHS = (
					"$(inherited)",
					"@executable_path/Frameworks",
				);
				MARKETING_VERSION = 1.0;
				PRODUCT_BUNDLE_IDENTIFIER = Waked.Facebook;
				PRODUCT_NAME = "$(TARGET_NAME)";
				SUPPORTED_PLATFORMS = "iphoneos iphonesimulator";
				SUPPORTS_MACCATALYST = YES;
				SUPPORTS_MAC_DESIGNED_FOR_IPHONE_IPAD = NO;
				SWIFT_EMIT_LOC_STRINGS = YES;
				SWIFT_VERSION = 5.0;
				TARGETED_DEVICE_FAMILY = "1,2";
			};
			name = Release;
		};
/* End XCBuildConfiguration section */

/* Begin XCConfigurationList section */
		B95ED2A92A8FE552002A6DE4 /* Build configuration list for PBXProject "Facebook" */ = {
			isa = XCConfigurationList;
			buildConfigurations = (
				B95ED2BC2A8FE554002A6DE4 /* Debug */,
				B95ED2BD2A8FE554002A6DE4 /* Release */,
			);
			defaultConfigurationIsVisible = 0;
			defaultConfigurationName = Release;
		};
		B95ED2BE2A8FE554002A6DE4 /* Build configuration list for PBXNativeTarget "Facebook" */ = {
			isa = XCConfigurationList;
			buildConfigurations = (
				B95ED2BF2A8FE554002A6DE4 /* Debug */,
				B95ED2C02A8FE554002A6DE4 /* Release */,
			);
			defaultConfigurationIsVisible = 0;
			defaultConfigurationName = Release;
		};
/* End XCConfigurationList section */
	};
	rootObject = B95ED2A62A8FE552002A6DE4 /* Project object */;
}
